PODS:
  - Highlightr (2.1.0)
  - libcmark_gfm (0.29.3)
  - Maaku/CMark (0.9.2):
    - libcmark_gfm (~> 0.29.3)
  - Maaku/Core (0.9.2):
    - Maaku/CMark
  - Maaku/Plugins (0.9.2):
    - Maaku/Core
  - Nimble (8.1.1)
  - PINCache (3.0.1-beta.8):
    - PINCache/Arc-exception-safe (= 3.0.1-beta.8)
    - PINCache/Core (= 3.0.1-beta.8)
  - PINCache/Arc-exception-safe (3.0.1-beta.8):
    - PINCache/Core
  - PINCache/Core (3.0.1-beta.8):
    - PINOperation (~> 1.1.1)
  - PINOperation (1.1.2)
  - PINRemoteImage/Core (3.0.0):
    - PINOperation
  - PINRemoteImage/iOS (3.0.0):
    - PINRemoteImage/Core
  - PINRemoteImage/PINCache (3.0.0):
    - PINCache (= 3.0.1-beta.8)
    - PINRemoteImage/Core
  - Quick (3.0.0)
  - SwiftLint (0.40.0)
  - Texture (3.0.0):
    - Texture/AssetsLibrary (= 3.0.0)
    - Texture/Core (= 3.0.0)
    - Texture/MapKit (= 3.0.0)
    - Texture/Photos (= 3.0.0)
    - Texture/PINRemoteImage (= 3.0.0)
    - Texture/Video (= 3.0.0)
  - Texture/AssetsLibrary (3.0.0):
    - Texture/Core
  - Texture/Core (3.0.0)
  - Texture/MapKit (3.0.0):
    - Texture/Core
  - Texture/Photos (3.0.0):
    - Texture/Core
  - Texture/PINRemoteImage (3.0.0):
    - PINRemoteImage/iOS (~> 3.0.0)
    - PINRemoteImage/PINCache
    - Texture/Core
  - Texture/Video (3.0.0):
    - Texture/Core
  - youtube-ios-player-helper (0.1.6)

DEPENDENCIES:
  - Highlightr (from `https://github.com/wuyuehyang/Highlightr.git`, branch `master`)
  - Maaku/CMark (from `https://github.com/wuyuehyang/Maaku.git`, branch `mixin`)
  - Maaku/Core (from `https://github.com/wuyuehyang/Maaku.git`, branch `mixin`)
  - Maaku/Plugins (from `https://github.com/wuyuehyang/Maaku.git`, branch `mixin`)
  - Nimble
  - Quick
  - SwiftLint
  - Texture
  - youtube-ios-player-helper

SPEC REPOS:
  trunk:
    - libcmark_gfm
    - Nimble
    - PINCache
    - PINOperation
    - PINRemoteImage
    - Quick
    - SwiftLint
    - Texture
    - youtube-ios-player-helper

EXTERNAL SOURCES:
  Highlightr:
    :branch: master
    :git: https://github.com/wuyuehyang/Highlightr.git
  Maaku:
    :branch: mixin
    :git: https://github.com/wuyuehyang/Maaku.git

CHECKOUT OPTIONS:
  Highlightr:
    :commit: 9b9fc465efecb7b3c039c8fedc66e4ae4f315ad9
    :git: https://github.com/wuyuehyang/Highlightr.git
  Maaku:
    :commit: 7fef73d1397f32f4c8a66468e1b2d6a8f1bd63ba
    :git: https://github.com/wuyuehyang/Maaku.git

SPEC CHECKSUMS:
  Highlightr: c687b337a60af6e46a478b4376006168bb5bd7c5
  libcmark_gfm: cbf2fe0fd3983202f00b40d4742d82cd173ff7c3
  Maaku: a928605d6157439001f211f2905176cc6a18dd7b
  Nimble: 5f8a2fb6fa343a7242dfdd9d42f7267419d464b2
  PINCache: 534fd41d358d828dfdf227a0d327f3673a65e20b
  PINOperation: 24b774353ca248fcf87d67b2d61eef42087c125a
  PINRemoteImage: e2b89e19fb6e77ffc099f9d9f3b3fe1745e3f9f9
  Quick: 6d9559f40647bc4d510103842ef2fdd882d753e2
  SwiftLint: 4154893c73a4c52d6240195507eb7a3e3c64087e
  Texture: 2f109e937850d94d1d07232041c9c7313ccddb81
  youtube-ios-player-helper: 21ab92db027c7ff86cb17a3843a3f6eafc8158d2

PODFILE CHECKSUM: 4c17351e005ab640f2690aae21feaa694e13a700

COCOAPODS: 1.9.3
